// !$*UTF8*$!
{
	archiveVersion = 1;
	classes = {
	};
	objectVersion = 46;
	objects = {

/* Begin PBXBuildFile section */
		B5479109176180970029B244 /* P2MSTextWindow.m in Sources */ = {isa = PBXBuildFile; fileRef = B5479108176180970029B244 /* P2MSTextWindow.m */; };
		B565785D1756E61600F49A24 /* italic-icon.png in Resources */ = {isa = PBXBuildFile; fileRef = B56578571756E61600F49A24 /* italic-icon.png */; };
		B565785E1756E61600F49A24 /* italic-icon@2x.png in Resources */ = {isa = PBXBuildFile; fileRef = B56578581756E61600F49A24 /* italic-icon@2x.png */; };
		B565785F1756E61600F49A24 /* strike-icon.png in Resources */ = {isa = PBXBuildFile; fileRef = B56578591756E61600F49A24 /* strike-icon.png */; };
		B56578601756E61600F49A24 /* strike-icon@2x.png in Resources */ = {isa = PBXBuildFile; fileRef = B565785A1756E61600F49A24 /* strike-icon@2x.png */; };
		B56578611756E61600F49A24 /* underline-icon.png in Resources */ = {isa = PBXBuildFile; fileRef = B565785B1756E61600F49A24 /* underline-icon.png */; };
		B56578621756E61600F49A24 /* underline-icon@2x.png in Resources */ = {isa = PBXBuildFile; fileRef = B565785C1756E61600F49A24 /* underline-icon@2x.png */; };
		B56578651756FD1D00F49A24 /* highlight-icon.png in Resources */ = {isa = PBXBuildFile; fileRef = B56578631756FD1D00F49A24 /* highlight-icon.png */; };
		B56578661756FD1D00F49A24 /* highlight-icon@2x.png in Resources */ = {isa = PBXBuildFile; fileRef = B56578641756FD1D00F49A24 /* highlight-icon@2x.png */; };
		B565789F17571CE900F49A24 /* section-icon.png in Resources */ = {isa = PBXBuildFile; fileRef = B565789D17571CE900F49A24 /* section-icon.png */; };
		B56578A017571CE900F49A24 /* section-icon@2x.png in Resources */ = {isa = PBXBuildFile; fileRef = B565789E17571CE900F49A24 /* section-icon@2x.png */; };
		B56578A317571F5500F49A24 /* rectangle-background.png in Resources */ = {isa = PBXBuildFile; fileRef = B56578A117571F5500F49A24 /* rectangle-background.png */; };
		B56578A417571F5500F49A24 /* rectangle-background@2x.png in Resources */ = {isa = PBXBuildFile; fileRef = B56578A217571F5500F49A24 /* rectangle-background@2x.png */; };
		B56578B11757243300F49A24 /* left-up-round-background.png in Resources */ = {isa = PBXBuildFile; fileRef = B56578AD1757243300F49A24 /* left-up-round-background.png */; };
		B56578B21757243300F49A24 /* left-up-round-background@2x.png in Resources */ = {isa = PBXBuildFile; fileRef = B56578AE1757243300F49A24 /* left-up-round-background@2x.png */; };
		B56578B31757243300F49A24 /* right-up-round-background.png in Resources */ = {isa = PBXBuildFile; fileRef = B56578AF1757243300F49A24 /* right-up-round-background.png */; };
		B56578B41757243300F49A24 /* right-up-round-background@2x.png in Resources */ = {isa = PBXBuildFile; fileRef = B56578B01757243300F49A24 /* right-up-round-background@2x.png */; };
		B56578B7175724D000F49A24 /* subsection-icon.png in Resources */ = {isa = PBXBuildFile; fileRef = B56578B5175724D000F49A24 /* subsection-icon.png */; };
		B56578B8175724D000F49A24 /* subsection-icon@2x.png in Resources */ = {isa = PBXBuildFile; fileRef = B56578B6175724D000F49A24 /* subsection-icon@2x.png */; };
		B56578BB1757272000F49A24 /* paragraph-icon.png in Resources */ = {isa = PBXBuildFile; fileRef = B56578B91757272000F49A24 /* paragraph-icon.png */; };
		B56578BC1757272000F49A24 /* paragraph-icon@2x.png in Resources */ = {isa = PBXBuildFile; fileRef = B56578BA1757272000F49A24 /* paragraph-icon@2x.png */; };
		B56578BF1757272E00F49A24 /* blockquote-icon.png in Resources */ = {isa = PBXBuildFile; fileRef = B56578BD1757272E00F49A24 /* blockquote-icon.png */; };
		B56578C01757272E00F49A24 /* blockquote-icon@2x.png in Resources */ = {isa = PBXBuildFile; fileRef = B56578BE1757272E00F49A24 /* blockquote-icon@2x.png */; };
		B5704BAA175444CD0094D3EE /* left-button-bg.png in Resources */ = {isa = PBXBuildFile; fileRef = B5704BA6175444CD0094D3EE /* left-button-bg.png */; };
		B5704BAB175444CD0094D3EE /* left-button-bg@2x.png in Resources */ = {isa = PBXBuildFile; fileRef = B5704BA7175444CD0094D3EE /* left-button-bg@2x.png */; };
		B5704BAC175444CD0094D3EE /* round-corner-button.png in Resources */ = {isa = PBXBuildFile; fileRef = B5704BA8175444CD0094D3EE /* round-corner-button.png */; };
		B5704BAD175444CD0094D3EE /* round-corner-button@2x.png in Resources */ = {isa = PBXBuildFile; fileRef = B5704BA9175444CD0094D3EE /* round-corner-button@2x.png */; };
		B5704BB017544FC80094D3EE /* bold-icon.png in Resources */ = {isa = PBXBuildFile; fileRef = B5704BAE17544FC80094D3EE /* bold-icon.png */; };
		B5704BB117544FC80094D3EE /* bold-icon@2x.png in Resources */ = {isa = PBXBuildFile; fileRef = B5704BAF17544FC80094D3EE /* bold-icon@2x.png */; };
		B5704BB417545EE10094D3EE /* P2MSDocument.m in Sources */ = {isa = PBXBuildFile; fileRef = B5704BB317545EE10094D3EE /* P2MSDocument.m */; };
		B591F7911745B52300283CDB /* UIKit.framework in Frameworks */ = {isa = PBXBuildFile; fileRef = B591F7901745B52300283CDB /* UIKit.framework */; };
		B591F7931745B52300283CDB /* Foundation.framework in Frameworks */ = {isa = PBXBuildFile; fileRef = B591F7921745B52300283CDB /* Foundation.framework */; };
		B591F7951745B52300283CDB /* CoreGraphics.framework in Frameworks */ = {isa = PBXBuildFile; fileRef = B591F7941745B52300283CDB /* CoreGraphics.framework */; };
		B591F79B1745B52300283CDB /* InfoPlist.strings in Resources */ = {isa = PBXBuildFile; fileRef = B591F7991745B52300283CDB /* InfoPlist.strings */; };
		B591F79D1745B52300283CDB /* main.m in Sources */ = {isa = PBXBuildFile; fileRef = B591F79C1745B52300283CDB /* main.m */; };
		B591F7A11745B52300283CDB /* P2MSAppDelegate.m in Sources */ = {isa = PBXBuildFile; fileRef = B591F7A01745B52300283CDB /* P2MSAppDelegate.m */; };
		B591F7A31745B52300283CDB /* Default.png in Resources */ = {isa = PBXBuildFile; fileRef = B591F7A21745B52300283CDB /* Default.png */; };
		B591F7A51745B52300283CDB /* Default@2x.png in Resources */ = {isa = PBXBuildFile; fileRef = B591F7A41745B52300283CDB /* Default@2x.png */; };
		B591F7A71745B52300283CDB /* Default-568h@2x.png in Resources */ = {isa = PBXBuildFile; fileRef = B591F7A61745B52300283CDB /* Default-568h@2x.png */; };
		B591F7AA1745B52300283CDB /* P2MSViewController.m in Sources */ = {isa = PBXBuildFile; fileRef = B591F7A91745B52300283CDB /* P2MSViewController.m */; };
		B591F7AD1745B52300283CDB /* P2MSViewController.xib in Resources */ = {isa = PBXBuildFile; fileRef = B591F7AB1745B52300283CDB /* P2MSViewController.xib */; };
		B591F7B81745C7EE00283CDB /* CoreText.framework in Frameworks */ = {isa = PBXBuildFile; fileRef = B591F7B71745C7EE00283CDB /* CoreText.framework */; };
		B591F7BA1745C7F400283CDB /* QuartzCore.framework in Frameworks */ = {isa = PBXBuildFile; fileRef = B591F7B91745C7F400283CDB /* QuartzCore.framework */; };
		B591F7C31745D2AF00283CDB /* drag-dot@2x.png in Resources */ = {isa = PBXBuildFile; fileRef = B591F7BB1745D2AF00283CDB /* drag-dot@2x.png */; };
		B591F7C61745D2AF00283CDB /* loupe-mask@2x.png in Resources */ = {isa = PBXBuildFile; fileRef = B591F7BE1745D2AF00283CDB /* loupe-mask@2x.png */; };
		B591F7C91745D2AF00283CDB /* magnifier-ranged-lo@2x.png in Resources */ = {isa = PBXBuildFile; fileRef = B591F7C11745D2AF00283CDB /* magnifier-ranged-lo@2x.png */; };
		B591F7CA1745D2AF00283CDB /* magnifier-ranged-mask@2x.png in Resources */ = {isa = PBXBuildFile; fileRef = B591F7C21745D2AF00283CDB /* magnifier-ranged-mask@2x.png */; };
		B591F7CE17462B1400283CDB /* P2MSCaretView.m in Sources */ = {isa = PBXBuildFile; fileRef = B591F7CD17462B1400283CDB /* P2MSCaretView.m */; };
		B591F7D21746304A00283CDB /* P2MSIndexedPosition.m in Sources */ = {isa = PBXBuildFile; fileRef = B591F7D11746304A00283CDB /* P2MSIndexedPosition.m */; };
		B591F7D51746312000283CDB /* P2MSIndexedRange.m in Sources */ = {isa = PBXBuildFile; fileRef = B591F7D41746311F00283CDB /* P2MSIndexedRange.m */; };
		B591F7D81746335A00283CDB /* P2MSWindowView.m in Sources */ = {isa = PBXBuildFile; fileRef = B591F7D71746335A00283CDB /* P2MSWindowView.m */; };
		B5B1A48717799BF4002BA7A5 /* link-hover.png in Resources */ = {isa = PBXBuildFile; fileRef = B5B1A48517799BF4002BA7A5 /* link-hover.png */; };
		B5B1A48817799BF4002BA7A5 /* link-hover@2x.png in Resources */ = {isa = PBXBuildFile; fileRef = B5B1A48617799BF4002BA7A5 /* link-hover@2x.png */; };
		B5BCACC217533FF800AE74BE /* alphabetKB.png in Resources */ = {isa = PBXBuildFile; fileRef = B5BCACBE17533FF800AE74BE /* alphabetKB.png */; };
		B5BCACC317533FF800AE74BE /* alphabetKB@2x.png in Resources */ = {isa = PBXBuildFile; fileRef = B5BCACBF17533FF800AE74BE /* alphabetKB@2x.png */; };
		B5BCACC417533FF800AE74BE /* keyboard_icon.png in Resources */ = {isa = PBXBuildFile; fileRef = B5BCACC017533FF800AE74BE /* keyboard_icon.png */; };
		B5BCACC517533FF800AE74BE /* keyboard_icon@2x.png in Resources */ = {isa = PBXBuildFile; fileRef = B5BCACC117533FF800AE74BE /* keyboard_icon@2x.png */; };
		C8054F6317CCEFB60029EBA5 /* P2MSFunctions.m in Sources */ = {isa = PBXBuildFile; fileRef = C8054F6217CCEFB60029EBA5 /* P2MSFunctions.m */; };
		C80F1718174695BC00E182F7 /* P2MSTextView.m in Sources */ = {isa = PBXBuildFile; fileRef = C80F1717174695BC00E182F7 /* P2MSTextView.m */; };
		C81B5D66185416CE00D295CA /* loupe@2x.png in Resources */ = {isa = PBXBuildFile; fileRef = C81B5D65185416CE00D295CA /* loupe@2x.png */; };
		C87D2F09176E118400AA8A3C /* bullet.png in Resources */ = {isa = PBXBuildFile; fileRef = C87D2EFD176E118400AA8A3C /* bullet.png */; };
		C87D2F0A176E118400AA8A3C /* bullet@2x.png in Resources */ = {isa = PBXBuildFile; fileRef = C87D2EFE176E118400AA8A3C /* bullet@2x.png */; };
		C87D2F0B176E118400AA8A3C /* checkbox.png in Resources */ = {isa = PBXBuildFile; fileRef = C87D2EFF176E118400AA8A3C /* checkbox.png */; };
		C87D2F0C176E118400AA8A3C /* checkbox@2x.png in Resources */ = {isa = PBXBuildFile; fileRef = C87D2F00176E118400AA8A3C /* checkbox@2x.png */; };
		C87D2F0D176E118400AA8A3C /* leftindent.png in Resources */ = {isa = PBXBuildFile; fileRef = C87D2F01176E118400AA8A3C /* leftindent.png */; };
		C87D2F0E176E118400AA8A3C /* leftindent@2x.png in Resources */ = {isa = PBXBuildFile; fileRef = C87D2F02176E118400AA8A3C /* leftindent@2x.png */; };
		C87D2F0F176E118400AA8A3C /* link.png in Resources */ = {isa = PBXBuildFile; fileRef = C87D2F03176E118400AA8A3C /* link.png */; };
		C87D2F10176E118400AA8A3C /* link@2x.png in Resources */ = {isa = PBXBuildFile; fileRef = C87D2F04176E118400AA8A3C /* link@2x.png */; };
		C87D2F11176E118400AA8A3C /* numbering.png in Resources */ = {isa = PBXBuildFile; fileRef = C87D2F05176E118400AA8A3C /* numbering.png */; };
		C87D2F12176E118400AA8A3C /* numbering@2x.png in Resources */ = {isa = PBXBuildFile; fileRef = C87D2F06176E118400AA8A3C /* numbering@2x.png */; };
		C87D2F13176E118400AA8A3C /* rightindent.png in Resources */ = {isa = PBXBuildFile; fileRef = C87D2F07176E118400AA8A3C /* rightindent.png */; };
		C87D2F14176E118400AA8A3C /* rightindent@2x.png in Resources */ = {isa = PBXBuildFile; fileRef = C87D2F08176E118400AA8A3C /* rightindent@2x.png */; };
		C8A8B4EC1747511D00570A5F /* P2MSContentView.m in Sources */ = {isa = PBXBuildFile; fileRef = C8A8B4EB1747511D00570A5F /* P2MSContentView.m */; };
		C8D27AFB177746CD00576937 /* bold-icon-hover.png in Resources */ = {isa = PBXBuildFile; fileRef = C8D27AED177746CD00576937 /* bold-icon-hover.png */; };
		C8D27AFC177746CD00576937 /* bold-icon-hover@2x.png in Resources */ = {isa = PBXBuildFile; fileRef = C8D27AEE177746CD00576937 /* bold-icon-hover@2x.png */; };
		C8D27AFD177746CD00576937 /* bullet-hover.png in Resources */ = {isa = PBXBuildFile; fileRef = C8D27AEF177746CD00576937 /* bullet-hover.png */; };
		C8D27AFE177746CD00576937 /* bullet-hover@2x.png in Resources */ = {isa = PBXBuildFile; fileRef = C8D27AF0177746CD00576937 /* bullet-hover@2x.png */; };
		C8D27AFF177746CD00576937 /* highlight-icon-hover.png in Resources */ = {isa = PBXBuildFile; fileRef = C8D27AF1177746CD00576937 /* highlight-icon-hover.png */; };
		C8D27B00177746CD00576937 /* highlight-icon-hover@2x.png in Resources */ = {isa = PBXBuildFile; fileRef = C8D27AF2177746CD00576937 /* highlight-icon-hover@2x.png */; };
		C8D27B01177746CD00576937 /* italic-icon-hover.png in Resources */ = {isa = PBXBuildFile; fileRef = C8D27AF3177746CD00576937 /* italic-icon-hover.png */; };
		C8D27B02177746CD00576937 /* italic-icon-hover@2x.png in Resources */ = {isa = PBXBuildFile; fileRef = C8D27AF4177746CD00576937 /* italic-icon-hover@2x.png */; };
		C8D27B03177746CD00576937 /* numbering-hover.png in Resources */ = {isa = PBXBuildFile; fileRef = C8D27AF5177746CD00576937 /* numbering-hover.png */; };
		C8D27B04177746CD00576937 /* numbering-hover@2x.png in Resources */ = {isa = PBXBuildFile; fileRef = C8D27AF6177746CD00576937 /* numbering-hover@2x.png */; };
		C8D27B05177746CD00576937 /* strike-icon-hover.png in Resources */ = {isa = PBXBuildFile; fileRef = C8D27AF7177746CD00576937 /* strike-icon-hover.png */; };
		C8D27B06177746CD00576937 /* strike-icon-hover@2x.png in Resources */ = {isa = PBXBuildFile; fileRef = C8D27AF8177746CD00576937 /* strike-icon-hover@2x.png */; };
		C8D27B07177746CD00576937 /* underline-icon-hover.png in Resources */ = {isa = PBXBuildFile; fileRef = C8D27AF9177746CD00576937 /* underline-icon-hover.png */; };
		C8D27B08177746CD00576937 /* underline-icon-hover@2x.png in Resources */ = {isa = PBXBuildFile; fileRef = C8D27AFA177746CD00576937 /* underline-icon-hover@2x.png */; };
		C8E9523A17A688EE005B31C7 /* GTMNSString+HTML.m in Sources */ = {isa = PBXBuildFile; fileRef = C8E9523917A6889C005B31C7 /* GTMNSString+HTML.m */; settings = {COMPILER_FLAGS = "-fno-objc-arc"; }; };
		C8F787721748F78400407BDD /* P2MSSelectionView.m in Sources */ = {isa = PBXBuildFile; fileRef = C8F787711748F78400407BDD /* P2MSSelectionView.m */; };
		C8FAD5121779D5C700BD2E74 /* P2MSLinkViewController.m in Sources */ = {isa = PBXBuildFile; fileRef = C8FAD5111779D5C700BD2E74 /* P2MSLinkViewController.m */; };
		C8FAD5141779E5A600BD2E74 /* button_close@2x.png in Resources */ = {isa = PBXBuildFile; fileRef = C8FAD5131779E5A600BD2E74 /* button_close@2x.png */; };
		C8FAD5171779F17400BD2E74 /* keyboard_down_arrow.png in Resources */ = {isa = PBXBuildFile; fileRef = C8FAD5151779F17400BD2E74 /* keyboard_down_arrow.png */; };
		C8FAD5181779F17400BD2E74 /* keyboard_down_arrow@2x.png in Resources */ = {isa = PBXBuildFile; fileRef = C8FAD5161779F17400BD2E74 /* keyboard_down_arrow@2x.png */; };
		C8FB795617BD2C3D00DD9EFE /* P2MSConstants.m in Sources */ = {isa = PBXBuildFile; fileRef = C8FB795517BD2C3D00DD9EFE /* P2MSConstants.m */; };
/* End PBXBuildFile section */

/* Begin PBXFileReference section */
		B5479107176180970029B244 /* P2MSTextWindow.h */ = {isa = PBXFileReference; fileEncoding = 4; lastKnownFileType = sourcecode.c.h; path = P2MSTextWindow.h; sourceTree = "<group>"; };
		B5479108176180970029B244 /* P2MSTextWindow.m */ = {isa = PBXFileReference; fileEncoding = 4; lastKnownFileType = sourcecode.c.objc; path = P2MSTextWindow.m; sourceTree = "<group>"; };
		B56578571756E61600F49A24 /* italic-icon.png */ = {isa = PBXFileReference; lastKnownFileType = image.png; path = "italic-icon.png"; sourceTree = "<group>"; };
		B56578581756E61600F49A24 /* italic-icon@2x.png */ = {isa = PBXFileReference; lastKnownFileType = image.png; path = "italic-icon@2x.png"; sourceTree = "<group>"; };
		B56578591756E61600F49A24 /* strike-icon.png */ = {isa = PBXFileReference; lastKnownFileType = image.png; path = "strike-icon.png"; sourceTree = "<group>"; };
		B565785A1756E61600F49A24 /* strike-icon@2x.png */ = {isa = PBXFileReference; lastKnownFileType = image.png; path = "strike-icon@2x.png"; sourceTree = "<group>"; };
		B565785B1756E61600F49A24 /* underline-icon.png */ = {isa = PBXFileReference; lastKnownFileType = image.png; path = "underline-icon.png"; sourceTree = "<group>"; };
		B565785C1756E61600F49A24 /* underline-icon@2x.png */ = {isa = PBXFileReference; lastKnownFileType = image.png; path = "underline-icon@2x.png"; sourceTree = "<group>"; };
		B56578631756FD1D00F49A24 /* highlight-icon.png */ = {isa = PBXFileReference; lastKnownFileType = image.png; path = "highlight-icon.png"; sourceTree = "<group>"; };
		B56578641756FD1D00F49A24 /* highlight-icon@2x.png */ = {isa = PBXFileReference; lastKnownFileType = image.png; path = "highlight-icon@2x.png"; sourceTree = "<group>"; };
		B565789D17571CE900F49A24 /* section-icon.png */ = {isa = PBXFileReference; lastKnownFileType = image.png; path = "section-icon.png"; sourceTree = "<group>"; };
		B565789E17571CE900F49A24 /* section-icon@2x.png */ = {isa = PBXFileReference; lastKnownFileType = image.png; path = "section-icon@2x.png"; sourceTree = "<group>"; };
		B56578A117571F5500F49A24 /* rectangle-background.png */ = {isa = PBXFileReference; lastKnownFileType = image.png; path = "rectangle-background.png"; sourceTree = "<group>"; };
		B56578A217571F5500F49A24 /* rectangle-background@2x.png */ = {isa = PBXFileReference; lastKnownFileType = image.png; path = "rectangle-background@2x.png"; sourceTree = "<group>"; };
		B56578AD1757243300F49A24 /* left-up-round-background.png */ = {isa = PBXFileReference; lastKnownFileType = image.png; path = "left-up-round-background.png"; sourceTree = "<group>"; };
		B56578AE1757243300F49A24 /* left-up-round-background@2x.png */ = {isa = PBXFileReference; lastKnownFileType = image.png; path = "left-up-round-background@2x.png"; sourceTree = "<group>"; };
		B56578AF1757243300F49A24 /* right-up-round-background.png */ = {isa = PBXFileReference; lastKnownFileType = image.png; path = "right-up-round-background.png"; sourceTree = "<group>"; };
		B56578B01757243300F49A24 /* right-up-round-background@2x.png */ = {isa = PBXFileReference; lastKnownFileType = image.png; path = "right-up-round-background@2x.png"; sourceTree = "<group>"; };
		B56578B5175724D000F49A24 /* subsection-icon.png */ = {isa = PBXFileReference; lastKnownFileType = image.png; path = "subsection-icon.png"; sourceTree = "<group>"; };
		B56578B6175724D000F49A24 /* subsection-icon@2x.png */ = {isa = PBXFileReference; lastKnownFileType = image.png; path = "subsection-icon@2x.png"; sourceTree = "<group>"; };
		B56578B91757272000F49A24 /* paragraph-icon.png */ = {isa = PBXFileReference; lastKnownFileType = image.png; path = "paragraph-icon.png"; sourceTree = "<group>"; };
		B56578BA1757272000F49A24 /* paragraph-icon@2x.png */ = {isa = PBXFileReference; lastKnownFileType = image.png; path = "paragraph-icon@2x.png"; sourceTree = "<group>"; };
		B56578BD1757272E00F49A24 /* blockquote-icon.png */ = {isa = PBXFileReference; lastKnownFileType = image.png; path = "blockquote-icon.png"; sourceTree = "<group>"; };
		B56578BE1757272E00F49A24 /* blockquote-icon@2x.png */ = {isa = PBXFileReference; lastKnownFileType = image.png; path = "blockquote-icon@2x.png"; sourceTree = "<group>"; };
		B5704BA6175444CD0094D3EE /* left-button-bg.png */ = {isa = PBXFileReference; lastKnownFileType = image.png; path = "left-button-bg.png"; sourceTree = "<group>"; };
		B5704BA7175444CD0094D3EE /* left-button-bg@2x.png */ = {isa = PBXFileReference; lastKnownFileType = image.png; path = "left-button-bg@2x.png"; sourceTree = "<group>"; };
		B5704BA8175444CD0094D3EE /* round-corner-button.png */ = {isa = PBXFileReference; lastKnownFileType = image.png; path = "round-corner-button.png"; sourceTree = "<group>"; };
		B5704BA9175444CD0094D3EE /* round-corner-button@2x.png */ = {isa = PBXFileReference; lastKnownFileType = image.png; path = "round-corner-button@2x.png"; sourceTree = "<group>"; };
		B5704BAE17544FC80094D3EE /* bold-icon.png */ = {isa = PBXFileReference; lastKnownFileType = image.png; path = "bold-icon.png"; sourceTree = "<group>"; };
		B5704BAF17544FC80094D3EE /* bold-icon@2x.png */ = {isa = PBXFileReference; lastKnownFileType = image.png; path = "bold-icon@2x.png"; sourceTree = "<group>"; };
		B5704BB217545EE10094D3EE /* P2MSDocument.h */ = {isa = PBXFileReference; fileEncoding = 4; lastKnownFileType = sourcecode.c.h; path = P2MSDocument.h; sourceTree = "<group>"; };
		B5704BB317545EE10094D3EE /* P2MSDocument.m */ = {isa = PBXFileReference; fileEncoding = 4; lastKnownFileType = sourcecode.c.objc; path = P2MSDocument.m; sourceTree = "<group>"; };
		B591F78D1745B52300283CDB /* P2MSTextView.app */ = {isa = PBXFileReference; explicitFileType = wrapper.application; includeInIndex = 0; path = P2MSTextView.app; sourceTree = BUILT_PRODUCTS_DIR; };
		B591F7901745B52300283CDB /* UIKit.framework */ = {isa = PBXFileReference; lastKnownFileType = wrapper.framework; name = UIKit.framework; path = System/Library/Frameworks/UIKit.framework; sourceTree = SDKROOT; };
		B591F7921745B52300283CDB /* Foundation.framework */ = {isa = PBXFileReference; lastKnownFileType = wrapper.framework; name = Foundation.framework; path = System/Library/Frameworks/Foundation.framework; sourceTree = SDKROOT; };
		B591F7941745B52300283CDB /* CoreGraphics.framework */ = {isa = PBXFileReference; lastKnownFileType = wrapper.framework; name = CoreGraphics.framework; path = System/Library/Frameworks/CoreGraphics.framework; sourceTree = SDKROOT; };
		B591F7981745B52300283CDB /* P2MSTextView-Info.plist */ = {isa = PBXFileReference; lastKnownFileType = text.plist.xml; path = "P2MSTextView-Info.plist"; sourceTree = "<group>"; };
		B591F79A1745B52300283CDB /* en */ = {isa = PBXFileReference; lastKnownFileType = text.plist.strings; name = en; path = en.lproj/InfoPlist.strings; sourceTree = "<group>"; };
		B591F79C1745B52300283CDB /* main.m */ = {isa = PBXFileReference; lastKnownFileType = sourcecode.c.objc; path = main.m; sourceTree = "<group>"; };
		B591F79E1745B52300283CDB /* P2MSTextView-Prefix.pch */ = {isa = PBXFileReference; lastKnownFileType = sourcecode.c.h; path = "P2MSTextView-Prefix.pch"; sourceTree = "<group>"; };
		B591F79F1745B52300283CDB /* P2MSAppDelegate.h */ = {isa = PBXFileReference; lastKnownFileType = sourcecode.c.h; path = P2MSAppDelegate.h; sourceTree = "<group>"; };
		B591F7A01745B52300283CDB /* P2MSAppDelegate.m */ = {isa = PBXFileReference; lastKnownFileType = sourcecode.c.objc; path = P2MSAppDelegate.m; sourceTree = "<group>"; };
		B591F7A21745B52300283CDB /* Default.png */ = {isa = PBXFileReference; lastKnownFileType = image.png; path = Default.png; sourceTree = "<group>"; };
		B591F7A41745B52300283CDB /* Default@2x.png */ = {isa = PBXFileReference; lastKnownFileType = image.png; path = "Default@2x.png"; sourceTree = "<group>"; };
		B591F7A61745B52300283CDB /* Default-568h@2x.png */ = {isa = PBXFileReference; lastKnownFileType = image.png; path = "Default-568h@2x.png"; sourceTree = "<group>"; };
		B591F7A81745B52300283CDB /* P2MSViewController.h */ = {isa = PBXFileReference; lastKnownFileType = sourcecode.c.h; path = P2MSViewController.h; sourceTree = "<group>"; };
		B591F7A91745B52300283CDB /* P2MSViewController.m */ = {isa = PBXFileReference; lastKnownFileType = sourcecode.c.objc; path = P2MSViewController.m; sourceTree = "<group>"; };
		B591F7AC1745B52300283CDB /* en */ = {isa = PBXFileReference; lastKnownFileType = file.xib; name = en; path = en.lproj/P2MSViewController.xib; sourceTree = "<group>"; };
		B591F7B71745C7EE00283CDB /* CoreText.framework */ = {isa = PBXFileReference; lastKnownFileType = wrapper.framework; name = CoreText.framework; path = System/Library/Frameworks/CoreText.framework; sourceTree = SDKROOT; };
		B591F7B91745C7F400283CDB /* QuartzCore.framework */ = {isa = PBXFileReference; lastKnownFileType = wrapper.framework; name = QuartzCore.framework; path = System/Library/Frameworks/QuartzCore.framework; sourceTree = SDKROOT; };
		B591F7BB1745D2AF00283CDB /* drag-dot@2x.png */ = {isa = PBXFileReference; lastKnownFileType = image.png; path = "drag-dot@2x.png"; sourceTree = "<group>"; };
		B591F7BE1745D2AF00283CDB /* loupe-mask@2x.png */ = {isa = PBXFileReference; lastKnownFileType = image.png; path = "loupe-mask@2x.png"; sourceTree = "<group>"; };
		B591F7C11745D2AF00283CDB /* magnifier-ranged-lo@2x.png */ = {isa = PBXFileReference; lastKnownFileType = image.png; path = "magnifier-ranged-lo@2x.png"; sourceTree = "<group>"; };
		B591F7C21745D2AF00283CDB /* magnifier-ranged-mask@2x.png */ = {isa = PBXFileReference; lastKnownFileType = image.png; path = "magnifier-ranged-mask@2x.png"; sourceTree = "<group>"; };
		B591F7CC17462B1400283CDB /* P2MSCaretView.h */ = {isa = PBXFileReference; fileEncoding = 4; lastKnownFileType = sourcecode.c.h; path = P2MSCaretView.h; sourceTree = "<group>"; };
		B591F7CD17462B1400283CDB /* P2MSCaretView.m */ = {isa = PBXFileReference; fileEncoding = 4; lastKnownFileType = sourcecode.c.objc; path = P2MSCaretView.m; sourceTree = "<group>"; };
		B591F7D01746304A00283CDB /* P2MSIndexedPosition.h */ = {isa = PBXFileReference; fileEncoding = 4; lastKnownFileType = sourcecode.c.h; path = P2MSIndexedPosition.h; sourceTree = "<group>"; };
		B591F7D11746304A00283CDB /* P2MSIndexedPosition.m */ = {isa = PBXFileReference; fileEncoding = 4; lastKnownFileType = sourcecode.c.objc; path = P2MSIndexedPosition.m; sourceTree = "<group>"; };
		B591F7D31746311F00283CDB /* P2MSIndexedRange.h */ = {isa = PBXFileReference; fileEncoding = 4; lastKnownFileType = sourcecode.c.h; path = P2MSIndexedRange.h; sourceTree = "<group>"; };
		B591F7D41746311F00283CDB /* P2MSIndexedRange.m */ = {isa = PBXFileReference; fileEncoding = 4; lastKnownFileType = sourcecode.c.objc; path = P2MSIndexedRange.m; sourceTree = "<group>"; };
		B591F7D61746335A00283CDB /* P2MSWindowView.h */ = {isa = PBXFileReference; fileEncoding = 4; lastKnownFileType = sourcecode.c.h; path = P2MSWindowView.h; sourceTree = "<group>"; };
		B591F7D71746335A00283CDB /* P2MSWindowView.m */ = {isa = PBXFileReference; fileEncoding = 4; lastKnownFileType = sourcecode.c.objc; path = P2MSWindowView.m; sourceTree = "<group>"; };
		B5B1A48517799BF4002BA7A5 /* link-hover.png */ = {isa = PBXFileReference; lastKnownFileType = image.png; path = "link-hover.png"; sourceTree = "<group>"; };
		B5B1A48617799BF4002BA7A5 /* link-hover@2x.png */ = {isa = PBXFileReference; lastKnownFileType = image.png; path = "link-hover@2x.png"; sourceTree = "<group>"; };
		B5BCACBE17533FF800AE74BE /* alphabetKB.png */ = {isa = PBXFileReference; lastKnownFileType = image.png; path = alphabetKB.png; sourceTree = "<group>"; };
		B5BCACBF17533FF800AE74BE /* alphabetKB@2x.png */ = {isa = PBXFileReference; lastKnownFileType = image.png; path = "alphabetKB@2x.png"; sourceTree = "<group>"; };
		B5BCACC017533FF800AE74BE /* keyboard_icon.png */ = {isa = PBXFileReference; lastKnownFileType = image.png; path = keyboard_icon.png; sourceTree = "<group>"; };
		B5BCACC117533FF800AE74BE /* keyboard_icon@2x.png */ = {isa = PBXFileReference; lastKnownFileType = image.png; path = "keyboard_icon@2x.png"; sourceTree = "<group>"; };
		C8054F6117CCEFB60029EBA5 /* P2MSFunctions.h */ = {isa = PBXFileReference; fileEncoding = 4; lastKnownFileType = sourcecode.c.h; path = P2MSFunctions.h; sourceTree = "<group>"; };
		C8054F6217CCEFB60029EBA5 /* P2MSFunctions.m */ = {isa = PBXFileReference; fileEncoding = 4; lastKnownFileType = sourcecode.c.objc; path = P2MSFunctions.m; sourceTree = "<group>"; };
		C80F1716174695BC00E182F7 /* P2MSTextView.h */ = {isa = PBXFileReference; fileEncoding = 4; lastKnownFileType = sourcecode.c.h; path = P2MSTextView.h; sourceTree = "<group>"; };
		C80F1717174695BC00E182F7 /* P2MSTextView.m */ = {isa = PBXFileReference; fileEncoding = 4; lastKnownFileType = sourcecode.c.objc; path = P2MSTextView.m; sourceTree = "<group>"; };
		C81B5D65185416CE00D295CA /* loupe@2x.png */ = {isa = PBXFileReference; lastKnownFileType = image.png; path = "loupe@2x.png"; sourceTree = "<group>"; };
		C87D2EFD176E118400AA8A3C /* bullet.png */ = {isa = PBXFileReference; lastKnownFileType = image.png; path = bullet.png; sourceTree = "<group>"; };
		C87D2EFE176E118400AA8A3C /* bullet@2x.png */ = {isa = PBXFileReference; lastKnownFileType = image.png; path = "bullet@2x.png"; sourceTree = "<group>"; };
		C87D2EFF176E118400AA8A3C /* checkbox.png */ = {isa = PBXFileReference; lastKnownFileType = image.png; path = checkbox.png; sourceTree = "<group>"; };
		C87D2F00176E118400AA8A3C /* checkbox@2x.png */ = {isa = PBXFileReference; lastKnownFileType = image.png; path = "checkbox@2x.png"; sourceTree = "<group>"; };
		C87D2F01176E118400AA8A3C /* leftindent.png */ = {isa = PBXFileReference; lastKnownFileType = image.png; path = leftindent.png; sourceTree = "<group>"; };
		C87D2F02176E118400AA8A3C /* leftindent@2x.png */ = {isa = PBXFileReference; lastKnownFileType = image.png; path = "leftindent@2x.png"; sourceTree = "<group>"; };
		C87D2F03176E118400AA8A3C /* link.png */ = {isa = PBXFileReference; lastKnownFileType = image.png; path = link.png; sourceTree = "<group>"; };
		C87D2F04176E118400AA8A3C /* link@2x.png */ = {isa = PBXFileReference; lastKnownFileType = image.png; path = "link@2x.png"; sourceTree = "<group>"; };
		C87D2F05176E118400AA8A3C /* numbering.png */ = {isa = PBXFileReference; lastKnownFileType = image.png; path = numbering.png; sourceTree = "<group>"; };
		C87D2F06176E118400AA8A3C /* numbering@2x.png */ = {isa = PBXFileReference; lastKnownFileType = image.png; path = "numbering@2x.png"; sourceTree = "<group>"; };
		C87D2F07176E118400AA8A3C /* rightindent.png */ = {isa = PBXFileReference; lastKnownFileType = image.png; path = rightindent.png; sourceTree = "<group>"; };
		C87D2F08176E118400AA8A3C /* rightindent@2x.png */ = {isa = PBXFileReference; lastKnownFileType = image.png; path = "rightindent@2x.png"; sourceTree = "<group>"; };
		C8A8B4EA1747511D00570A5F /* P2MSContentView.h */ = {isa = PBXFileReference; fileEncoding = 4; lastKnownFileType = sourcecode.c.h; path = P2MSContentView.h; sourceTree = "<group>"; };
		C8A8B4EB1747511D00570A5F /* P2MSContentView.m */ = {isa = PBXFileReference; fileEncoding = 4; lastKnownFileType = sourcecode.c.objc; path = P2MSContentView.m; sourceTree = "<group>"; };
		C8D27AED177746CD00576937 /* bold-icon-hover.png */ = {isa = PBXFileReference; lastKnownFileType = image.png; path = "bold-icon-hover.png"; sourceTree = "<group>"; };
		C8D27AEE177746CD00576937 /* bold-icon-hover@2x.png */ = {isa = PBXFileReference; lastKnownFileType = image.png; path = "bold-icon-hover@2x.png"; sourceTree = "<group>"; };
		C8D27AEF177746CD00576937 /* bullet-hover.png */ = {isa = PBXFileReference; lastKnownFileType = image.png; path = "bullet-hover.png"; sourceTree = "<group>"; };
		C8D27AF0177746CD00576937 /* bullet-hover@2x.png */ = {isa = PBXFileReference; lastKnownFileType = image.png; path = "bullet-hover@2x.png"; sourceTree = "<group>"; };
		C8D27AF1177746CD00576937 /* highlight-icon-hover.png */ = {isa = PBXFileReference; lastKnownFileType = image.png; path = "highlight-icon-hover.png"; sourceTree = "<group>"; };
		C8D27AF2177746CD00576937 /* highlight-icon-hover@2x.png */ = {isa = PBXFileReference; lastKnownFileType = image.png; path = "highlight-icon-hover@2x.png"; sourceTree = "<group>"; };
		C8D27AF3177746CD00576937 /* italic-icon-hover.png */ = {isa = PBXFileReference; lastKnownFileType = image.png; path = "italic-icon-hover.png"; sourceTree = "<group>"; };
		C8D27AF4177746CD00576937 /* italic-icon-hover@2x.png */ = {isa = PBXFileReference; lastKnownFileType = image.png; path = "italic-icon-hover@2x.png"; sourceTree = "<group>"; };
		C8D27AF5177746CD00576937 /* numbering-hover.png */ = {isa = PBXFileReference; lastKnownFileType = image.png; path = "numbering-hover.png"; sourceTree = "<group>"; };
		C8D27AF6177746CD00576937 /* numbering-hover@2x.png */ = {isa = PBXFileReference; lastKnownFileType = image.png; path = "numbering-hover@2x.png"; sourceTree = "<group>"; };
		C8D27AF7177746CD00576937 /* strike-icon-hover.png */ = {isa = PBXFileReference; lastKnownFileType = image.png; path = "strike-icon-hover.png"; sourceTree = "<group>"; };
		C8D27AF8177746CD00576937 /* strike-icon-hover@2x.png */ = {isa = PBXFileReference; lastKnownFileType = image.png; path = "strike-icon-hover@2x.png"; sourceTree = "<group>"; };
		C8D27AF9177746CD00576937 /* underline-icon-hover.png */ = {isa = PBXFileReference; lastKnownFileType = image.png; path = "underline-icon-hover.png"; sourceTree = "<group>"; };
		C8D27AFA177746CD00576937 /* underline-icon-hover@2x.png */ = {isa = PBXFileReference; lastKnownFileType = image.png; path = "underline-icon-hover@2x.png"; sourceTree = "<group>"; };
		C8E9523817A6889C005B31C7 /* GTMNSString+HTML.h */ = {isa = PBXFileReference; lastKnownFileType = sourcecode.c.h; path = "GTMNSString+HTML.h"; sourceTree = "<group>"; };
		C8E9523917A6889C005B31C7 /* GTMNSString+HTML.m */ = {isa = PBXFileReference; lastKnownFileType = sourcecode.c.objc; path = "GTMNSString+HTML.m"; sourceTree = "<group>"; };
		C8F787701748F78400407BDD /* P2MSSelectionView.h */ = {isa = PBXFileReference; fileEncoding = 4; lastKnownFileType = sourcecode.c.h; path = P2MSSelectionView.h; sourceTree = "<group>"; };
		C8F787711748F78400407BDD /* P2MSSelectionView.m */ = {isa = PBXFileReference; fileEncoding = 4; lastKnownFileType = sourcecode.c.objc; path = P2MSSelectionView.m; sourceTree = "<group>"; };
		C8FAD5101779D5C700BD2E74 /* P2MSLinkViewController.h */ = {isa = PBXFileReference; fileEncoding = 4; lastKnownFileType = sourcecode.c.h; path = P2MSLinkViewController.h; sourceTree = "<group>"; };
		C8FAD5111779D5C700BD2E74 /* P2MSLinkViewController.m */ = {isa = PBXFileReference; fileEncoding = 4; lastKnownFileType = sourcecode.c.objc; path = P2MSLinkViewController.m; sourceTree = "<group>"; };
		C8FAD5131779E5A600BD2E74 /* button_close@2x.png */ = {isa = PBXFileReference; lastKnownFileType = image.png; path = "button_close@2x.png"; sourceTree = "<group>"; };
		C8FAD5151779F17400BD2E74 /* keyboard_down_arrow.png */ = {isa = PBXFileReference; lastKnownFileType = image.png; path = keyboard_down_arrow.png; sourceTree = "<group>"; };
		C8FAD5161779F17400BD2E74 /* keyboard_down_arrow@2x.png */ = {isa = PBXFileReference; lastKnownFileType = image.png; path = "keyboard_down_arrow@2x.png"; sourceTree = "<group>"; };
		C8FB795417BD2C3D00DD9EFE /* P2MSConstants.h */ = {isa = PBXFileReference; fileEncoding = 4; lastKnownFileType = sourcecode.c.h; path = P2MSConstants.h; sourceTree = "<group>"; };
		C8FB795517BD2C3D00DD9EFE /* P2MSConstants.m */ = {isa = PBXFileReference; fileEncoding = 4; lastKnownFileType = sourcecode.c.objc; path = P2MSConstants.m; sourceTree = "<group>"; };
/* End PBXFileReference section */

/* Begin PBXFrameworksBuildPhase section */
		B591F78A1745B52300283CDB /* Frameworks */ = {
			isa = PBXFrameworksBuildPhase;
			buildActionMask = 2147483647;
			files = (
				B591F7BA1745C7F400283CDB /* QuartzCore.framework in Frameworks */,
				B591F7B81745C7EE00283CDB /* CoreText.framework in Frameworks */,
				B591F7911745B52300283CDB /* UIKit.framework in Frameworks */,
				B591F7931745B52300283CDB /* Foundation.framework in Frameworks */,
				B591F7951745B52300283CDB /* CoreGraphics.framework in Frameworks */,
			);
			runOnlyForDeploymentPostprocessing = 0;
		};
/* End PBXFrameworksBuildPhase section */

/* Begin PBXGroup section */
		B591F7841745B52200283CDB = {
			isa = PBXGroup;
			children = (
				B591F7B31745B53200283CDB /* TextView */,
				B591F7961745B52300283CDB /* P2MSTextView */,
				B591F78F1745B52300283CDB /* Frameworks */,
				B591F78E1745B52300283CDB /* Products */,
			);
			sourceTree = "<group>";
		};
		B591F78E1745B52300283CDB /* Products */ = {
			isa = PBXGroup;
			children = (
				B591F78D1745B52300283CDB /* P2MSTextView.app */,
			);
			name = Products;
			sourceTree = "<group>";
		};
		B591F78F1745B52300283CDB /* Frameworks */ = {
			isa = PBXGroup;
			children = (
				B591F7B91745C7F400283CDB /* QuartzCore.framework */,
				B591F7B71745C7EE00283CDB /* CoreText.framework */,
				B591F7901745B52300283CDB /* UIKit.framework */,
				B591F7921745B52300283CDB /* Foundation.framework */,
				B591F7941745B52300283CDB /* CoreGraphics.framework */,
			);
			name = Frameworks;
			sourceTree = "<group>";
		};
		B591F7961745B52300283CDB /* P2MSTextView */ = {
			isa = PBXGroup;
			children = (
				B591F79F1745B52300283CDB /* P2MSAppDelegate.h */,
				B591F7A01745B52300283CDB /* P2MSAppDelegate.m */,
				B591F7A81745B52300283CDB /* P2MSViewController.h */,
				B591F7A91745B52300283CDB /* P2MSViewController.m */,
				B591F7AB1745B52300283CDB /* P2MSViewController.xib */,
				B591F7971745B52300283CDB /* Supporting Files */,
			);
			path = P2MSTextView;
			sourceTree = "<group>";
		};
		B591F7971745B52300283CDB /* Supporting Files */ = {
			isa = PBXGroup;
			children = (
				B591F7981745B52300283CDB /* P2MSTextView-Info.plist */,
				B591F7991745B52300283CDB /* InfoPlist.strings */,
				B591F79C1745B52300283CDB /* main.m */,
				B591F79E1745B52300283CDB /* P2MSTextView-Prefix.pch */,
				B591F7A21745B52300283CDB /* Default.png */,
				B591F7A41745B52300283CDB /* Default@2x.png */,
				B591F7A61745B52300283CDB /* Default-568h@2x.png */,
			);
			name = "Supporting Files";
			sourceTree = "<group>";
		};
		B591F7B31745B53200283CDB /* TextView */ = {
			isa = PBXGroup;
			children = (
				B591F7CB17461A3800283CDB /* Images */,
				B591F7CF17462B2200283CDB /* Support Files */,
				C80F1716174695BC00E182F7 /* P2MSTextView.h */,
				C80F1717174695BC00E182F7 /* P2MSTextView.m */,
				C8A8B4EA1747511D00570A5F /* P2MSContentView.h */,
				C8A8B4EB1747511D00570A5F /* P2MSContentView.m */,
			);
			name = TextView;
			sourceTree = "<group>";
		};
		B591F7CB17461A3800283CDB /* Images */ = {
			isa = PBXGroup;
			children = (
				C81B5D65185416CE00D295CA /* loupe@2x.png */,
				C8FAD5151779F17400BD2E74 /* keyboard_down_arrow.png */,
				C8FAD5161779F17400BD2E74 /* keyboard_down_arrow@2x.png */,
				C8FAD5131779E5A600BD2E74 /* button_close@2x.png */,
				C8D27AED177746CD00576937 /* bold-icon-hover.png */,
				B5B1A48517799BF4002BA7A5 /* link-hover.png */,
				B5B1A48617799BF4002BA7A5 /* link-hover@2x.png */,
				C8D27AEE177746CD00576937 /* bold-icon-hover@2x.png */,
				C8D27AEF177746CD00576937 /* bullet-hover.png */,
				C8D27AF0177746CD00576937 /* bullet-hover@2x.png */,
				C8D27AF1177746CD00576937 /* highlight-icon-hover.png */,
				C8D27AF2177746CD00576937 /* highlight-icon-hover@2x.png */,
				C8D27AF3177746CD00576937 /* italic-icon-hover.png */,
				C8D27AF4177746CD00576937 /* italic-icon-hover@2x.png */,
				C8D27AF5177746CD00576937 /* numbering-hover.png */,
				C8D27AF6177746CD00576937 /* numbering-hover@2x.png */,
				C8D27AF7177746CD00576937 /* strike-icon-hover.png */,
				C8D27AF8177746CD00576937 /* strike-icon-hover@2x.png */,
				C8D27AF9177746CD00576937 /* underline-icon-hover.png */,
				C8D27AFA177746CD00576937 /* underline-icon-hover@2x.png */,
				C87D2EFD176E118400AA8A3C /* bullet.png */,
				C87D2EFE176E118400AA8A3C /* bullet@2x.png */,
				C87D2EFF176E118400AA8A3C /* checkbox.png */,
				C87D2F00176E118400AA8A3C /* checkbox@2x.png */,
				C87D2F01176E118400AA8A3C /* leftindent.png */,
				C87D2F02176E118400AA8A3C /* leftindent@2x.png */,
				C87D2F03176E118400AA8A3C /* link.png */,
				C87D2F04176E118400AA8A3C /* link@2x.png */,
				C87D2F05176E118400AA8A3C /* numbering.png */,
				C87D2F06176E118400AA8A3C /* numbering@2x.png */,
				C87D2F07176E118400AA8A3C /* rightindent.png */,
				C87D2F08176E118400AA8A3C /* rightindent@2x.png */,
				B56578BD1757272E00F49A24 /* blockquote-icon.png */,
				B56578BE1757272E00F49A24 /* blockquote-icon@2x.png */,
				B56578B91757272000F49A24 /* paragraph-icon.png */,
				B56578BA1757272000F49A24 /* paragraph-icon@2x.png */,
				B56578B5175724D000F49A24 /* subsection-icon.png */,
				B56578B6175724D000F49A24 /* subsection-icon@2x.png */,
				B56578AD1757243300F49A24 /* left-up-round-background.png */,
				B56578AE1757243300F49A24 /* left-up-round-background@2x.png */,
				B56578AF1757243300F49A24 /* right-up-round-background.png */,
				B56578B01757243300F49A24 /* right-up-round-background@2x.png */,
				B56578A117571F5500F49A24 /* rectangle-background.png */,
				B56578A217571F5500F49A24 /* rectangle-background@2x.png */,
				B565789D17571CE900F49A24 /* section-icon.png */,
				B565789E17571CE900F49A24 /* section-icon@2x.png */,
				B56578571756E61600F49A24 /* italic-icon.png */,
				B56578581756E61600F49A24 /* italic-icon@2x.png */,
				B56578631756FD1D00F49A24 /* highlight-icon.png */,
				B56578641756FD1D00F49A24 /* highlight-icon@2x.png */,
				B56578591756E61600F49A24 /* strike-icon.png */,
				B565785A1756E61600F49A24 /* strike-icon@2x.png */,
				B565785B1756E61600F49A24 /* underline-icon.png */,
				B565785C1756E61600F49A24 /* underline-icon@2x.png */,
				B5704BA6175444CD0094D3EE /* left-button-bg.png */,
				B5704BA7175444CD0094D3EE /* left-button-bg@2x.png */,
				B5704BAE17544FC80094D3EE /* bold-icon.png */,
				B5704BAF17544FC80094D3EE /* bold-icon@2x.png */,
				B5704BA8175444CD0094D3EE /* round-corner-button.png */,
				B5704BA9175444CD0094D3EE /* round-corner-button@2x.png */,
				B5BCACBE17533FF800AE74BE /* alphabetKB.png */,
				B5BCACBF17533FF800AE74BE /* alphabetKB@2x.png */,
				B5BCACC017533FF800AE74BE /* keyboard_icon.png */,
				B5BCACC117533FF800AE74BE /* keyboard_icon@2x.png */,
				B591F7BB1745D2AF00283CDB /* drag-dot@2x.png */,
				B591F7BE1745D2AF00283CDB /* loupe-mask@2x.png */,
				B591F7C11745D2AF00283CDB /* magnifier-ranged-lo@2x.png */,
				B591F7C21745D2AF00283CDB /* magnifier-ranged-mask@2x.png */,
			);
			name = Images;
			sourceTree = "<group>";
		};
		B591F7CF17462B2200283CDB /* Support Files */ = {
			isa = PBXGroup;
			children = (
				C8E9523817A6889C005B31C7 /* GTMNSString+HTML.h */,
				C8E9523917A6889C005B31C7 /* GTMNSString+HTML.m */,
				B591F7CC17462B1400283CDB /* P2MSCaretView.h */,
				B591F7CD17462B1400283CDB /* P2MSCaretView.m */,
				B591F7D01746304A00283CDB /* P2MSIndexedPosition.h */,
				B591F7D11746304A00283CDB /* P2MSIndexedPosition.m */,
				B591F7D31746311F00283CDB /* P2MSIndexedRange.h */,
				B591F7D41746311F00283CDB /* P2MSIndexedRange.m */,
				B591F7D61746335A00283CDB /* P2MSWindowView.h */,
				B591F7D71746335A00283CDB /* P2MSWindowView.m */,
				C8F787701748F78400407BDD /* P2MSSelectionView.h */,
				C8F787711748F78400407BDD /* P2MSSelectionView.m */,
				B5704BB217545EE10094D3EE /* P2MSDocument.h */,
				B5704BB317545EE10094D3EE /* P2MSDocument.m */,
				B5479107176180970029B244 /* P2MSTextWindow.h */,
				B5479108176180970029B244 /* P2MSTextWindow.m */,
				C8FAD5101779D5C700BD2E74 /* P2MSLinkViewController.h */,
				C8FAD5111779D5C700BD2E74 /* P2MSLinkViewController.m */,
				C8FB795417BD2C3D00DD9EFE /* P2MSConstants.h */,
				C8FB795517BD2C3D00DD9EFE /* P2MSConstants.m */,
				C8054F6117CCEFB60029EBA5 /* P2MSFunctions.h */,
				C8054F6217CCEFB60029EBA5 /* P2MSFunctions.m */,
			);
			name = "Support Files";
			sourceTree = "<group>";
		};
/* End PBXGroup section */

/* Begin PBXNativeTarget section */
		B591F78C1745B52300283CDB /* P2MSTextView */ = {
			isa = PBXNativeTarget;
			buildConfigurationList = B591F7B01745B52300283CDB /* Build configuration list for PBXNativeTarget "P2MSTextView" */;
			buildPhases = (
				B591F7891745B52300283CDB /* Sources */,
				B591F78A1745B52300283CDB /* Frameworks */,
				B591F78B1745B52300283CDB /* Resources */,
			);
			buildRules = (
			);
			dependencies = (
			);
			name = P2MSTextView;
			productName = P2MSTextView;
			productReference = B591F78D1745B52300283CDB /* P2MSTextView.app */;
			productType = "com.apple.product-type.application";
		};
/* End PBXNativeTarget section */

/* Begin PBXProject section */
		B591F7851745B52200283CDB /* Project object */ = {
			isa = PBXProject;
			attributes = {
				CLASSPREFIX = P2MS;
				LastUpgradeCheck = 0460;
				ORGANIZATIONNAME = "Pyae Phyo MS";
			};
			buildConfigurationList = B591F7881745B52200283CDB /* Build configuration list for PBXProject "P2MSTextView" */;
			compatibilityVersion = "Xcode 3.2";
			developmentRegion = English;
			hasScannedForEncodings = 0;
			knownRegions = (
				en,
			);
			mainGroup = B591F7841745B52200283CDB;
			productRefGroup = B591F78E1745B52300283CDB /* Products */;
			projectDirPath = "";
			projectRoot = "";
			targets = (
				B591F78C1745B52300283CDB /* P2MSTextView */,
			);
		};
/* End PBXProject section */

/* Begin PBXResourcesBuildPhase section */
		B591F78B1745B52300283CDB /* Resources */ = {
			isa = PBXResourcesBuildPhase;
			buildActionMask = 2147483647;
			files = (
				B591F79B1745B52300283CDB /* InfoPlist.strings in Resources */,
				B591F7A31745B52300283CDB /* Default.png in Resources */,
				B591F7A51745B52300283CDB /* Default@2x.png in Resources */,
				B591F7A71745B52300283CDB /* Default-568h@2x.png in Resources */,
				B591F7AD1745B52300283CDB /* P2MSViewController.xib in Resources */,
				B591F7C31745D2AF00283CDB /* drag-dot@2x.png in Resources */,
				B591F7C61745D2AF00283CDB /* loupe-mask@2x.png in Resources */,
				B591F7C91745D2AF00283CDB /* magnifier-ranged-lo@2x.png in Resources */,
				B591F7CA1745D2AF00283CDB /* magnifier-ranged-mask@2x.png in Resources */,
				B5BCACC217533FF800AE74BE /* alphabetKB.png in Resources */,
				B5BCACC317533FF800AE74BE /* alphabetKB@2x.png in Resources */,
				B5BCACC417533FF800AE74BE /* keyboard_icon.png in Resources */,
				B5BCACC517533FF800AE74BE /* keyboard_icon@2x.png in Resources */,
				B5704BAA175444CD0094D3EE /* left-button-bg.png in Resources */,
				B5704BAB175444CD0094D3EE /* left-button-bg@2x.png in Resources */,
				B5704BAC175444CD0094D3EE /* round-corner-button.png in Resources */,
				B5704BAD175444CD0094D3EE /* round-corner-button@2x.png in Resources */,
				B5704BB017544FC80094D3EE /* bold-icon.png in Resources */,
				B5704BB117544FC80094D3EE /* bold-icon@2x.png in Resources */,
				B565785D1756E61600F49A24 /* italic-icon.png in Resources */,
				B565785E1756E61600F49A24 /* italic-icon@2x.png in Resources */,
				B565785F1756E61600F49A24 /* strike-icon.png in Resources */,
				B56578601756E61600F49A24 /* strike-icon@2x.png in Resources */,
				B56578611756E61600F49A24 /* underline-icon.png in Resources */,
				B56578621756E61600F49A24 /* underline-icon@2x.png in Resources */,
				B56578651756FD1D00F49A24 /* highlight-icon.png in Resources */,
				B56578661756FD1D00F49A24 /* highlight-icon@2x.png in Resources */,
				B565789F17571CE900F49A24 /* section-icon.png in Resources */,
				B56578A017571CE900F49A24 /* section-icon@2x.png in Resources */,
				B56578A317571F5500F49A24 /* rectangle-background.png in Resources */,
				B56578A417571F5500F49A24 /* rectangle-background@2x.png in Resources */,
				B56578B11757243300F49A24 /* left-up-round-background.png in Resources */,
				B56578B21757243300F49A24 /* left-up-round-background@2x.png in Resources */,
				B56578B31757243300F49A24 /* right-up-round-background.png in Resources */,
				B56578B41757243300F49A24 /* right-up-round-background@2x.png in Resources */,
				B56578B7175724D000F49A24 /* subsection-icon.png in Resources */,
				B56578B8175724D000F49A24 /* subsection-icon@2x.png in Resources */,
				B56578BB1757272000F49A24 /* paragraph-icon.png in Resources */,
				B56578BC1757272000F49A24 /* paragraph-icon@2x.png in Resources */,
				B56578BF1757272E00F49A24 /* blockquote-icon.png in Resources */,
				B56578C01757272E00F49A24 /* blockquote-icon@2x.png in Resources */,
				C87D2F09176E118400AA8A3C /* bullet.png in Resources */,
				C87D2F0A176E118400AA8A3C /* bullet@2x.png in Resources */,
				C87D2F0B176E118400AA8A3C /* checkbox.png in Resources */,
				C87D2F0C176E118400AA8A3C /* checkbox@2x.png in Resources */,
				C87D2F0D176E118400AA8A3C /* leftindent.png in Resources */,
				C87D2F0E176E118400AA8A3C /* leftindent@2x.png in Resources */,
				C87D2F0F176E118400AA8A3C /* link.png in Resources */,
				C87D2F10176E118400AA8A3C /* link@2x.png in Resources */,
				C87D2F11176E118400AA8A3C /* numbering.png in Resources */,
				C87D2F12176E118400AA8A3C /* numbering@2x.png in Resources */,
				C87D2F13176E118400AA8A3C /* rightindent.png in Resources */,
				C87D2F14176E118400AA8A3C /* rightindent@2x.png in Resources */,
				C8D27AFB177746CD00576937 /* bold-icon-hover.png in Resources */,
				C8D27AFC177746CD00576937 /* bold-icon-hover@2x.png in Resources */,
				C8D27AFD177746CD00576937 /* bullet-hover.png in Resources */,
				C8D27AFE177746CD00576937 /* bullet-hover@2x.png in Resources */,
				C8D27AFF177746CD00576937 /* highlight-icon-hover.png in Resources */,
				C8D27B00177746CD00576937 /* highlight-icon-hover@2x.png in Resources */,
				C8D27B01177746CD00576937 /* italic-icon-hover.png in Resources */,
				C8D27B02177746CD00576937 /* italic-icon-hover@2x.png in Resources */,
				C8D27B03177746CD00576937 /* numbering-hover.png in Resources */,
				C8D27B04177746CD00576937 /* numbering-hover@2x.png in Resources */,
				C8D27B05177746CD00576937 /* strike-icon-hover.png in Resources */,
				C8D27B06177746CD00576937 /* strike-icon-hover@2x.png in Resources */,
				C81B5D66185416CE00D295CA /* loupe@2x.png in Resources */,
				C8D27B07177746CD00576937 /* underline-icon-hover.png in Resources */,
				C8D27B08177746CD00576937 /* underline-icon-hover@2x.png in Resources */,
				B5B1A48717799BF4002BA7A5 /* link-hover.png in Resources */,
				B5B1A48817799BF4002BA7A5 /* link-hover@2x.png in Resources */,
				C8FAD5141779E5A600BD2E74 /* button_close@2x.png in Resources */,
				C8FAD5171779F17400BD2E74 /* keyboard_down_arrow.png in Resources */,
				C8FAD5181779F17400BD2E74 /* keyboard_down_arrow@2x.png in Resources */,
			);
			runOnlyForDeploymentPostprocessing = 0;
		};
/* End PBXResourcesBuildPhase section */

/* Begin PBXSourcesBuildPhase section */
		B591F7891745B52300283CDB /* Sources */ = {
			isa = PBXSourcesBuildPhase;
			buildActionMask = 2147483647;
			files = (
				C8E9523A17A688EE005B31C7 /* GTMNSString+HTML.m in Sources */,
				B591F79D1745B52300283CDB /* main.m in Sources */,
				B591F7A11745B52300283CDB /* P2MSAppDelegate.m in Sources */,
				B591F7AA1745B52300283CDB /* P2MSViewController.m in Sources */,
				B591F7CE17462B1400283CDB /* P2MSCaretView.m in Sources */,
				B591F7D21746304A00283CDB /* P2MSIndexedPosition.m in Sources */,
				B591F7D51746312000283CDB /* P2MSIndexedRange.m in Sources */,
				B591F7D81746335A00283CDB /* P2MSWindowView.m in Sources */,
				C80F1718174695BC00E182F7 /* P2MSTextView.m in Sources */,
				C8A8B4EC1747511D00570A5F /* P2MSContentView.m in Sources */,
				C8F787721748F78400407BDD /* P2MSSelectionView.m in Sources */,
				B5704BB417545EE10094D3EE /* P2MSDocument.m in Sources */,
				B5479109176180970029B244 /* P2MSTextWindow.m in Sources */,
				C8FAD5121779D5C700BD2E74 /* P2MSLinkViewController.m in Sources */,
				C8FB795617BD2C3D00DD9EFE /* P2MSConstants.m in Sources */,
				C8054F6317CCEFB60029EBA5 /* P2MSFunctions.m in Sources */,
			);
			runOnlyForDeploymentPostprocessing = 0;
		};
/* End PBXSourcesBuildPhase section */

/* Begin PBXVariantGroup section */
		B591F7991745B52300283CDB /* InfoPlist.strings */ = {
			isa = PBXVariantGroup;
			children = (
				B591F79A1745B52300283CDB /* en */,
			);
			name = InfoPlist.strings;
			sourceTree = "<group>";
		};
		B591F7AB1745B52300283CDB /* P2MSViewController.xib */ = {
			isa = PBXVariantGroup;
			children = (
				B591F7AC1745B52300283CDB /* en */,
			);
			name = P2MSViewController.xib;
			sourceTree = "<group>";
		};
/* End PBXVariantGroup section */

/* Begin XCBuildConfiguration section */
		B591F7AE1745B52300283CDB /* Debug */ = {
			isa = XCBuildConfiguration;
			buildSettings = {
				ALWAYS_SEARCH_USER_PATHS = NO;
				CLANG_CXX_LANGUAGE_STANDARD = "gnu++0x";
				CLANG_CXX_LIBRARY = "libc++";
				CLANG_ENABLE_OBJC_ARC = YES;
				CLANG_WARN_CONSTANT_CONVERSION = YES;
				CLANG_WARN_EMPTY_BODY = YES;
				CLANG_WARN_ENUM_CONVERSION = YES;
				CLANG_WARN_INT_CONVERSION = YES;
				CLANG_WARN__DUPLICATE_METHOD_MATCH = YES;
				"CODE_SIGN_IDENTITY[sdk=iphoneos*]" = "iPhone Developer";
				COPY_PHASE_STRIP = NO;
				GCC_C_LANGUAGE_STANDARD = gnu99;
				GCC_DYNAMIC_NO_PIC = NO;
				GCC_OPTIMIZATION_LEVEL = 0;
				GCC_PREPROCESSOR_DEFINITIONS = (
					"DEBUG=1",
					"$(inherited)",
				);
				GCC_SYMBOLS_PRIVATE_EXTERN = NO;
				GCC_WARN_ABOUT_RETURN_TYPE = YES;
				GCC_WARN_UNINITIALIZED_AUTOS = YES;
				GCC_WARN_UNUSED_VARIABLE = YES;
				IPHONEOS_DEPLOYMENT_TARGET = 6.1;
				ONLY_ACTIVE_ARCH = YES;
				SDKROOT = iphoneos;
			};
			name = Debug;
		};
		B591F7AF1745B52300283CDB /* Release */ = {
			isa = XCBuildConfiguration;
			buildSettings = {
				ALWAYS_SEARCH_USER_PATHS = NO;
				CLANG_CXX_LANGUAGE_STANDARD = "gnu++0x";
				CLANG_CXX_LIBRARY = "libc++";
				CLANG_ENABLE_OBJC_ARC = YES;
				CLANG_WARN_CONSTANT_CONVERSION = YES;
				CLANG_WARN_EMPTY_BODY = YES;
				CLANG_WARN_ENUM_CONVERSION = YES;
				CLANG_WARN_INT_CONVERSION = YES;
				CLANG_WARN__DUPLICATE_METHOD_MATCH = YES;
				"CODE_SIGN_IDENTITY[sdk=iphoneos*]" = "iPhone Developer";
				COPY_PHASE_STRIP = YES;
				GCC_C_LANGUAGE_STANDARD = gnu99;
				GCC_WARN_ABOUT_RETURN_TYPE = YES;
				GCC_WARN_UNINITIALIZED_AUTOS = YES;
				GCC_WARN_UNUSED_VARIABLE = YES;
				IPHONEOS_DEPLOYMENT_TARGET = 6.1;
				OTHER_CFLAGS = "-DNS_BLOCK_ASSERTIONS=1";
				SDKROOT = iphoneos;
				VALIDATE_PRODUCT = YES;
			};
			name = Release;
		};
		B591F7B11745B52300283CDB /* Debug */ = {
			isa = XCBuildConfiguration;
			buildSettings = {
				GCC_PRECOMPILE_PREFIX_HEADER = YES;
				GCC_PREFIX_HEADER = "P2MSTextView/P2MSTextView-Prefix.pch";
				INFOPLIST_FILE = "P2MSTextView/P2MSTextView-Info.plist";
				IPHONEOS_DEPLOYMENT_TARGET = 4.3;
				PRODUCT_NAME = "$(TARGET_NAME)";
				WRAPPER_EXTENSION = app;
			};
			name = Debug;
		};
		B591F7B21745B52300283CDB /* Release */ = {
			isa = XCBuildConfiguration;
			buildSettings = {
				GCC_PRECOMPILE_PREFIX_HEADER = YES;
				GCC_PREFIX_HEADER = "P2MSTextView/P2MSTextView-Prefix.pch";
				INFOPLIST_FILE = "P2MSTextView/P2MSTextView-Info.plist";
				IPHONEOS_DEPLOYMENT_TARGET = 4.3;
				PRODUCT_NAME = "$(TARGET_NAME)";
				WRAPPER_EXTENSION = app;
			};
			name = Release;
		};
/* End XCBuildConfiguration section */

/* Begin XCConfigurationList section */
		B591F7881745B52200283CDB /* Build configuration list for PBXProject "P2MSTextView" */ = {
			isa = XCConfigurationList;
			buildConfigurations = (
				B591F7AE1745B52300283CDB /* Debug */,
				B591F7AF1745B52300283CDB /* Release */,
			);
			defaultConfigurationIsVisible = 0;
			defaultConfigurationName = Release;
		};
		B591F7B01745B52300283CDB /* Build configuration list for PBXNativeTarget "P2MSTextView" */ = {
			isa = XCConfigurationList;
			buildConfigurations = (
				B591F7B11745B52300283CDB /* Debug */,
				B591F7B21745B52300283CDB /* Release */,
			);
			defaultConfigurationIsVisible = 0;
			defaultConfigurationName = Release;
		};
/* End XCConfigurationList section */
	};
	rootObject = B591F7851745B52200283CDB /* Project object */;
}
